
Microsoft Visual Studio Solution File, Format Version 12.00
# Visual Studio 2012
Project("{FAE04EC0-301F-11D3-BF4B-00C04F79EFBC}") = "InventoryMSystem", "InventoryMSystem.csproj", "{6933FE2F-29AA-456D-AF6E-3E848E5AAE2F}"
EndProject
Global
	GlobalSection(SolutionConfigurationPlatforms) = preSolution
		Debug|Any CPU = Debug|Any CPU
		Release|Any CPU = Release|Any CPU
	EndGlobalSection
	GlobalSection(ProjectConfigurationPlatforms) = postSolution
		{6933FE2F-29AA-456D-AF6E-3E848E5AAE2F}.Debug|Any CPU.ActiveCfg = Debug|Any CPU
		{6933FE2F-29AA-456D-AF6E-3E848E5AAE2F}.Debug|Any CPU.Build.0 = Debug|Any CPU
		{6933FE2F-29AA-456D-AF6E-3E848E5AAE2F}.Release|Any CPU.ActiveCfg = Release|Any CPU
		{6933FE2F-29AA-456D-AF6E-3E848E5AAE2F}.Release|Any CPU.Build.0 = Release|Any CPU
	EndGlobalSection
	GlobalSection(SolutionProperties) = preSolution
		HideSolutionNode = FALSE
	EndGlobalSection
EndGlobal
